
Microsoft Visual Studio Solution File, Format Version 12.00
# Visual Studio Version 17
VisualStudioVersion = 17.9.34701.34
MinimumVisualStudioVersion = 10.0.40219.1
Project("{FAE04EC0-301F-11D3-BF4B-00C04F79EFBC}") = "Bankamat", "Bankamat\Bankamat.csproj", "{EF8F6D02-DD14-40E7-B244-5979DE543C5D}"
EndProject
Global
	GlobalSection(SolutionConfigurationPlatforms) = preSolution
		Debug|Any CPU = Debug|Any CPU
		Release|Any CPU = Release|Any CPU
	EndGlobalSection
	GlobalSection(ProjectConfigurationPlatforms) = postSolution
		{EF8F6D02-DD14-40E7-B244-5979DE543C5D}.Debug|Any CPU.ActiveCfg = Debug|Any CPU
		{EF8F6D02-DD14-40E7-B244-5979DE543C5D}.Debug|Any CPU.Build.0 = Debug|Any CPU
		{EF8F6D02-DD14-40E7-B244-5979DE543C5D}.Release|Any CPU.ActiveCfg = Release|Any CPU
		{EF8F6D02-DD14-40E7-B244-5979DE543C5D}.Release|Any CPU.Build.0 = Release|Any CPU
	EndGlobalSection
	GlobalSection(SolutionProperties) = preSolution
		HideSolutionNode = FALSE
	EndGlobalSection
	GlobalSection(ExtensibilityGlobals) = postSolution
		SolutionGuid = {9E4B7AAD-B07F-44A4-ADCD-E7768365B41B}
	EndGlobalSection
EndGlobal
